// !$*UTF8*$!
{
	archiveVersion = 1;
	classes = {
	};
	objectVersion = 50;
	objects = {

/* Begin PBXBuildFile section */
		3F091ADF273B5C5E00C5EC73 /* plants.swift in Sources */ = {isa = PBXBuildFile; fileRef = 3F091ADE273B5C5E00C5EC73 /* plants.swift */; };
		3F091AE3273B746800C5EC73 /* TestViewController.swift in Sources */ = {isa = PBXBuildFile; fileRef = 3F091AE2273B746800C5EC73 /* TestViewController.swift */; };
		3F650C24273F2E84002813BC /* RoundLabel.swift in Sources */ = {isa = PBXBuildFile; fileRef = 3F650C23273F2E83002813BC /* RoundLabel.swift */; };
		3F650C26273F3765002813BC /* RoundedTabBar.swift in Sources */ = {isa = PBXBuildFile; fileRef = 3F650C25273F3765002813BC /* RoundedTabBar.swift */; };
		3F650C28273F3EA3002813BC /* RoundedView.swift in Sources */ = {isa = PBXBuildFile; fileRef = 3F650C27273F3EA3002813BC /* RoundedView.swift */; };
		3F830179273CCCF1007B2160 /* Gaegu-Regular.ttf in Resources */ = {isa = PBXBuildFile; fileRef = 3F830178273CCCEC007B2160 /* Gaegu-Regular.ttf */; };
		3F83017B273CCDAF007B2160 /* LocalBreweryFour-Regular.ttf in Resources */ = {isa = PBXBuildFile; fileRef = 3F83017A273CCD08007B2160 /* LocalBreweryFour-Regular.ttf */; };
		3FF1C7672722270E0004F58D /* AppDelegate.swift in Sources */ = {isa = PBXBuildFile; fileRef = 3FF1C7662722270E0004F58D /* AppDelegate.swift */; };
		3FF1C7692722270E0004F58D /* SceneDelegate.swift in Sources */ = {isa = PBXBuildFile; fileRef = 3FF1C7682722270E0004F58D /* SceneDelegate.swift */; };
		3FF1C76B2722270E0004F58D /* ViewController.swift in Sources */ = {isa = PBXBuildFile; fileRef = 3FF1C76A2722270E0004F58D /* ViewController.swift */; };
		3FF1C76E2722270E0004F58D /* Main.storyboard in Resources */ = {isa = PBXBuildFile; fileRef = 3FF1C76C2722270E0004F58D /* Main.storyboard */; };
		3FF1C770272227100004F58D /* Assets.xcassets in Resources */ = {isa = PBXBuildFile; fileRef = 3FF1C76F272227100004F58D /* Assets.xcassets */; };
		3FF1C773272227100004F58D /* LaunchScreen.storyboard in Resources */ = {isa = PBXBuildFile; fileRef = 3FF1C771272227100004F58D /* LaunchScreen.storyboard */; };
		EEB9D66027279E7400E9643F /* MapViewController.swift in Sources */ = {isa = PBXBuildFile; fileRef = EEB9D65F27279E7400E9643F /* MapViewController.swift */; };
		EEB9D66227279E8400E9643F /* ARViewController.swift in Sources */ = {isa = PBXBuildFile; fileRef = EEB9D66127279E8400E9643F /* ARViewController.swift */; };
		EEB9D66427279E9A00E9643F /* HomeViewController.swift in Sources */ = {isa = PBXBuildFile; fileRef = EEB9D66327279E9A00E9643F /* HomeViewController.swift */; };
/* End PBXBuildFile section */

/* Begin PBXFileReference section */
		3F091ADE273B5C5E00C5EC73 /* plants.swift */ = {isa = PBXFileReference; lastKnownFileType = sourcecode.swift; path = plants.swift; sourceTree = "<group>"; };
		3F091AE2273B746800C5EC73 /* TestViewController.swift */ = {isa = PBXFileReference; lastKnownFileType = sourcecode.swift; path = TestViewController.swift; sourceTree = "<group>"; };
		3F650C23273F2E83002813BC /* RoundLabel.swift */ = {isa = PBXFileReference; lastKnownFileType = sourcecode.swift; path = RoundLabel.swift; sourceTree = "<group>"; };
		3F650C25273F3765002813BC /* RoundedTabBar.swift */ = {isa = PBXFileReference; lastKnownFileType = sourcecode.swift; path = RoundedTabBar.swift; sourceTree = "<group>"; };
		3F650C27273F3EA3002813BC /* RoundedView.swift */ = {isa = PBXFileReference; lastKnownFileType = sourcecode.swift; path = RoundedView.swift; sourceTree = "<group>"; };
		3F830178273CCCEC007B2160 /* Gaegu-Regular.ttf */ = {isa = PBXFileReference; lastKnownFileType = file; path = "Gaegu-Regular.ttf"; sourceTree = "<group>"; };
		3F83017A273CCD08007B2160 /* LocalBreweryFour-Regular.ttf */ = {isa = PBXFileReference; lastKnownFileType = file; path = "LocalBreweryFour-Regular.ttf"; sourceTree = "<group>"; };
		3FF1C7632722270E0004F58D /* SeeGreenApp.app */ = {isa = PBXFileReference; explicitFileType = wrapper.application; includeInIndex = 0; path = SeeGreenApp.app; sourceTree = BUILT_PRODUCTS_DIR; };
		3FF1C7662722270E0004F58D /* AppDelegate.swift */ = {isa = PBXFileReference; lastKnownFileType = sourcecode.swift; path = AppDelegate.swift; sourceTree = "<group>"; };
		3FF1C7682722270E0004F58D /* SceneDelegate.swift */ = {isa = PBXFileReference; lastKnownFileType = sourcecode.swift; path = SceneDelegate.swift; sourceTree = "<group>"; };
		3FF1C76A2722270E0004F58D /* ViewController.swift */ = {isa = PBXFileReference; lastKnownFileType = sourcecode.swift; path = ViewController.swift; sourceTree = "<group>"; };
		3FF1C76D2722270E0004F58D /* Base */ = {isa = PBXFileReference; lastKnownFileType = file.storyboard; name = Base; path = Base.lproj/Main.storyboard; sourceTree = "<group>"; };
		3FF1C76F272227100004F58D /* Assets.xcassets */ = {isa = PBXFileReference; lastKnownFileType = folder.assetcatalog; path = Assets.xcassets; sourceTree = "<group>"; };
		3FF1C772272227100004F58D /* Base */ = {isa = PBXFileReference; lastKnownFileType = file.storyboard; name = Base; path = Base.lproj/LaunchScreen.storyboard; sourceTree = "<group>"; };
		3FF1C774272227100004F58D /* Info.plist */ = {isa = PBXFileReference; lastKnownFileType = text.plist.xml; path = Info.plist; sourceTree = "<group>"; };
		EEB9D65F27279E7400E9643F /* MapViewController.swift */ = {isa = PBXFileReference; lastKnownFileType = sourcecode.swift; path = MapViewController.swift; sourceTree = "<group>"; };
		EEB9D66127279E8400E9643F /* ARViewController.swift */ = {isa = PBXFileReference; lastKnownFileType = sourcecode.swift; path = ARViewController.swift; sourceTree = "<group>"; };
		EEB9D66327279E9A00E9643F /* HomeViewController.swift */ = {isa = PBXFileReference; lastKnownFileType = sourcecode.swift; path = HomeViewController.swift; sourceTree = "<group>"; };
/* End PBXFileReference section */

/* Begin PBXFrameworksBuildPhase section */
		3FF1C7602722270E0004F58D /* Frameworks */ = {
			isa = PBXFrameworksBuildPhase;
			buildActionMask = 2147483647;
			files = (
			);
			runOnlyForDeploymentPostprocessing = 0;
		};
/* End PBXFrameworksBuildPhase section */

/* Begin PBXGroup section */
		3FF1C75A2722270E0004F58D = {
			isa = PBXGroup;
			children = (
				3FF1C7652722270E0004F58D /* SeeGreenApp */,
				3FF1C7642722270E0004F58D /* Products */,
			);
			sourceTree = "<group>";
		};
		3FF1C7642722270E0004F58D /* Products */ = {
			isa = PBXGroup;
			children = (
				3FF1C7632722270E0004F58D /* SeeGreenApp.app */,
			);
			name = Products;
			sourceTree = "<group>";
		};
		3FF1C7652722270E0004F58D /* SeeGreenApp */ = {
			isa = PBXGroup;
			children = (
				3FF1C7662722270E0004F58D /* AppDelegate.swift */,
				3FF1C7682722270E0004F58D /* SceneDelegate.swift */,
				3FF1C76A2722270E0004F58D /* ViewController.swift */,
				3FF1C76C2722270E0004F58D /* Main.storyboard */,
				3F650C27273F3EA3002813BC /* RoundedView.swift */,
				3F650C23273F2E83002813BC /* RoundLabel.swift */,
				3F650C25273F3765002813BC /* RoundedTabBar.swift */,
				3F830178273CCCEC007B2160 /* Gaegu-Regular.ttf */,
				3F83017A273CCD08007B2160 /* LocalBreweryFour-Regular.ttf */,
				3FF1C76F272227100004F58D /* Assets.xcassets */,
				3FF1C771272227100004F58D /* LaunchScreen.storyboard */,
				3FF1C774272227100004F58D /* Info.plist */,
				EEB9D65F27279E7400E9643F /* MapViewController.swift */,
				EEB9D66127279E8400E9643F /* ARViewController.swift */,
				EEB9D66327279E9A00E9643F /* HomeViewController.swift */,
				3F091ADE273B5C5E00C5EC73 /* plants.swift */,
				3F091AE2273B746800C5EC73 /* TestViewController.swift */,
			);
			path = SeeGreenApp;
			sourceTree = "<group>";
		};
/* End PBXGroup section */

/* Begin PBXNativeTarget section */
		3FF1C7622722270E0004F58D /* SeeGreenApp */ = {
			isa = PBXNativeTarget;
			buildConfigurationList = 3FF1C777272227100004F58D /* Build configuration list for PBXNativeTarget "SeeGreenApp" */;
			buildPhases = (
				3FF1C75F2722270E0004F58D /* Sources */,
				3FF1C7602722270E0004F58D /* Frameworks */,
				3FF1C7612722270E0004F58D /* Resources */,
			);
			buildRules = (
			);
			dependencies = (
			);
			name = SeeGreenApp;
			productName = SeeGreenApp;
			productReference = 3FF1C7632722270E0004F58D /* SeeGreenApp.app */;
			productType = "com.apple.product-type.application";
		};
/* End PBXNativeTarget section */

/* Begin PBXProject section */
		3FF1C75B2722270E0004F58D /* Project object */ = {
			isa = PBXProject;
			attributes = {
				LastSwiftUpdateCheck = 1240;
				LastUpgradeCheck = 1240;
				TargetAttributes = {
					3FF1C7622722270E0004F58D = {
						CreatedOnToolsVersion = 12.4;
					};
				};
			};
			buildConfigurationList = 3FF1C75E2722270E0004F58D /* Build configuration list for PBXProject "SeeGreenApp" */;
			compatibilityVersion = "Xcode 9.3";
			developmentRegion = en;
			hasScannedForEncodings = 0;
			knownRegions = (
				en,
				Base,
			);
			mainGroup = 3FF1C75A2722270E0004F58D;
			productRefGroup = 3FF1C7642722270E0004F58D /* Products */;
			projectDirPath = "";
			projectRoot = "";
			targets = (
				3FF1C7622722270E0004F58D /* SeeGreenApp */,
			);
		};
/* End PBXProject section */

/* Begin PBXResourcesBuildPhase section */
		3FF1C7612722270E0004F58D /* Resources */ = {
			isa = PBXResourcesBuildPhase;
			buildActionMask = 2147483647;
			files = (
				3FF1C773272227100004F58D /* LaunchScreen.storyboard in Resources */,
				3F830179273CCCF1007B2160 /* Gaegu-Regular.ttf in Resources */,
				3FF1C770272227100004F58D /* Assets.xcassets in Resources */,
				3FF1C76E2722270E0004F58D /* Main.storyboard in Resources */,
				3F83017B273CCDAF007B2160 /* LocalBreweryFour-Regular.ttf in Resources */,
			);
			runOnlyForDeploymentPostprocessing = 0;
		};
/* End PBXResourcesBuildPhase section */

/* Begin PBXSourcesBuildPhase section */
		3FF1C75F2722270E0004F58D /* Sources */ = {
			isa = PBXSourcesBuildPhase;
			buildActionMask = 2147483647;
			files = (
				3FF1C76B2722270E0004F58D /* ViewController.swift in Sources */,
				3F650C26273F3765002813BC /* RoundedTabBar.swift in Sources */,
				3F650C24273F2E84002813BC /* RoundLabel.swift in Sources */,
				3FF1C7672722270E0004F58D /* AppDelegate.swift in Sources */,
				3F091AE3273B746800C5EC73 /* TestViewController.swift in Sources */,
				3FF1C7692722270E0004F58D /* SceneDelegate.swift in Sources */,
				3F091ADF273B5C5E00C5EC73 /* plants.swift in Sources */,
				EEB9D66027279E7400E9643F /* MapViewController.swift in Sources */,
				EEB9D66227279E8400E9643F /* ARViewController.swift in Sources */,
				3F650C28273F3EA3002813BC /* RoundedView.swift in Sources */,
				EEB9D66427279E9A00E9643F /* HomeViewController.swift in Sources */,
			);
			runOnlyForDeploymentPostprocessing = 0;
		};
/* End PBXSourcesBuildPhase section */

/* Begin PBXVariantGroup section */
		3FF1C76C2722270E0004F58D /* Main.storyboard */ = {
			isa = PBXVariantGroup;
			children = (
				3FF1C76D2722270E0004F58D /* Base */,
			);
			name = Main.storyboard;
			sourceTree = "<group>";
		};
		3FF1C771272227100004F58D /* LaunchScreen.storyboard */ = {
			isa = PBXVariantGroup;
			children = (
				3FF1C772272227100004F58D /* Base */,
			);
			name = LaunchScreen.storyboard;
			sourceTree = "<group>";
		};
/* End PBXVariantGroup section */

/* Begin XCBuildConfiguration section */
		3FF1C775272227100004F58D /* Debug */ = {
			isa = XCBuildConfiguration;
			buildSettings = {
				ALWAYS_SEARCH_USER_PATHS = NO;
				CLANG_ANALYZER_NONNULL = YES;
				CLANG_ANALYZER_NUMBER_OBJECT_CONVERSION = YES_AGGRESSIVE;
				CLANG_CXX_LANGUAGE_STANDARD = "gnu++14";
				CLANG_CXX_LIBRARY = "libc++";
				CLANG_ENABLE_MODULES = YES;
				CLANG_ENABLE_OBJC_ARC = YES;
				CLANG_ENABLE_OBJC_WEAK = YES;
				CLANG_WARN_BLOCK_CAPTURE_AUTORELEASING = YES;
				CLANG_WARN_BOOL_CONVERSION = YES;
				CLANG_WARN_COMMA = YES;
				CLANG_WARN_CONSTANT_CONVERSION = YES;
				CLANG_WARN_DEPRECATED_OBJC_IMPLEMENTATIONS = YES;
				CLANG_WARN_DIRECT_OBJC_ISA_USAGE = YES_ERROR;
				CLANG_WARN_DOCUMENTATION_COMMENTS = YES;
				CLANG_WARN_EMPTY_BODY = YES;
				CLANG_WARN_ENUM_CONVERSION = YES;
				CLANG_WARN_INFINITE_RECURSION = YES;
				CLANG_WARN_INT_CONVERSION = YES;
				CLANG_WARN_NON_LITERAL_NULL_CONVERSION = YES;
				CLANG_WARN_OBJC_IMPLICIT_RETAIN_SELF = YES;
				CLANG_WARN_OBJC_LITERAL_CONVERSION = YES;
				CLANG_WARN_OBJC_ROOT_CLASS = YES_ERROR;
				CLANG_WARN_QUOTED_INCLUDE_IN_FRAMEWORK_HEADER = YES;
				CLANG_WARN_RANGE_LOOP_ANALYSIS = YES;
				CLANG_WARN_STRICT_PROTOTYPES = YES;
				CLANG_WARN_SUSPICIOUS_MOVE = YES;
				CLANG_WARN_UNGUARDED_AVAILABILITY = YES_AGGRESSIVE;
				CLANG_WARN_UNREACHABLE_CODE = YES;
				CLANG_WARN__DUPLICATE_METHOD_MATCH = YES;
				COPY_PHASE_STRIP = NO;
				DEBUG_INFORMATION_FORMAT = dwarf;
				ENABLE_STRICT_OBJC_MSGSEND = YES;
				ENABLE_TESTABILITY = YES;
				GCC_C_LANGUAGE_STANDARD = gnu11;
				GCC_DYNAMIC_NO_PIC = NO;
				GCC_NO_COMMON_BLOCKS = YES;
				GCC_OPTIMIZATION_LEVEL = 0;
				GCC_PREPROCESSOR_DEFINITIONS = (
					"DEBUG=1",
					"$(inherited)",
				);
				GCC_WARN_64_TO_32_BIT_CONVERSION = YES;
				GCC_WARN_ABOUT_RETURN_TYPE = YES_ERROR;
				GCC_WARN_UNDECLARED_SELECTOR = YES;
				GCC_WARN_UNINITIALIZED_AUTOS = YES_AGGRESSIVE;
				GCC_WARN_UNUSED_FUNCTION = YES;
				GCC_WARN_UNUSED_VARIABLE = YES;
				IPHONEOS_DEPLOYMENT_TARGET = 14.4;
				MTL_ENABLE_DEBUG_INFO = INCLUDE_SOURCE;
				MTL_FAST_MATH = YES;
				ONLY_ACTIVE_ARCH = YES;
				SDKROOT = iphoneos;
				SWIFT_ACTIVE_COMPILATION_CONDITIONS = DEBUG;
				SWIFT_OPTIMIZATION_LEVEL = "-Onone";
			};
			name = Debug;
		};
		3FF1C776272227100004F58D /* Release */ = {
			isa = XCBuildConfiguration;
			buildSettings = {
				ALWAYS_SEARCH_USER_PATHS = NO;
				CLANG_ANALYZER_NONNULL = YES;
				CLANG_ANALYZER_NUMBER_OBJECT_CONVERSION = YES_AGGRESSIVE;
				CLANG_CXX_LANGUAGE_STANDARD = "gnu++14";
				CLANG_CXX_LIBRARY = "libc++";
				CLANG_ENABLE_MODULES = YES;
				CLANG_ENABLE_OBJC_ARC = YES;
				CLANG_ENABLE_OBJC_WEAK = YES;
				CLANG_WARN_BLOCK_CAPTURE_AUTORELEASING = YES;
				CLANG_WARN_BOOL_CONVERSION = YES;
				CLANG_WARN_COMMA = YES;
				CLANG_WARN_CONSTANT_CONVERSION = YES;
				CLANG_WARN_DEPRECATED_OBJC_IMPLEMENTATIONS = YES;
				CLANG_WARN_DIRECT_OBJC_ISA_USAGE = YES_ERROR;
				CLANG_WARN_DOCUMENTATION_COMMENTS = YES;
				CLANG_WARN_EMPTY_BODY = YES;
				CLANG_WARN_ENUM_CONVERSION = YES;
				CLANG_WARN_INFINITE_RECURSION = YES;
				CLANG_WARN_INT_CONVERSION = YES;
				CLANG_WARN_NON_LITERAL_NULL_CONVERSION = YES;
				CLANG_WARN_OBJC_IMPLICIT_RETAIN_SELF = YES;
				CLANG_WARN_OBJC_LITERAL_CONVERSION = YES;
				CLANG_WARN_OBJC_ROOT_CLASS = YES_ERROR;
				CLANG_WARN_QUOTED_INCLUDE_IN_FRAMEWORK_HEADER = YES;
				CLANG_WARN_RANGE_LOOP_ANALYSIS = YES;
				CLANG_WARN_STRICT_PROTOTYPES = YES;
				CLANG_WARN_SUSPICIOUS_MOVE = YES;
				CLANG_WARN_UNGUARDED_AVAILABILITY = YES_AGGRESSIVE;
				CLANG_WARN_UNREACHABLE_CODE = YES;
				CLANG_WARN__DUPLICATE_METHOD_MATCH = YES;
				COPY_PHASE_STRIP = NO;
				DEBUG_INFORMATION_FORMAT = "dwarf-with-dsym";
				ENABLE_NS_ASSERTIONS = NO;
				ENABLE_STRICT_OBJC_MSGSEND = YES;
				GCC_C_LANGUAGE_STANDARD = gnu11;
				GCC_NO_COMMON_BLOCKS = YES;
				GCC_WARN_64_TO_32_BIT_CONVERSION = YES;
				GCC_WARN_ABOUT_RETURN_TYPE = YES_ERROR;
				GCC_WARN_UNDECLARED_SELECTOR = YES;
				GCC_WARN_UNINITIALIZED_AUTOS = YES_AGGRESSIVE;
				GCC_WARN_UNUSED_FUNCTION = YES;
				GCC_WARN_UNUSED_VARIABLE = YES;
				IPHONEOS_DEPLOYMENT_TARGET = 14.4;
				MTL_ENABLE_DEBUG_INFO = NO;
				MTL_FAST_MATH = YES;
				SDKROOT = iphoneos;
				SWIFT_COMPILATION_MODE = wholemodule;
				SWIFT_OPTIMIZATION_LEVEL = "-O";
				VALIDATE_PRODUCT = YES;
			};
			name = Release;
		};
		3FF1C778272227100004F58D /* Debug */ = {
			isa = XCBuildConfiguration;
			buildSettings = {
				ASSETCATALOG_COMPILER_APPICON_NAME = AppIcon;
				ASSETCATALOG_COMPILER_GLOBAL_ACCENT_COLOR_NAME = AccentColor;
				CODE_SIGN_STYLE = Automatic;
				INFOPLIST_FILE = SeeGreenApp/Info.plist;
				LD_RUNPATH_SEARCH_PATHS = (
					"$(inherited)",
					"@executable_path/Frameworks",
				);
				PRODUCT_BUNDLE_IDENTIFIER = "SeeGreen-App.SeeGreenApp";
				PRODUCT_NAME = "$(TARGET_NAME)";
				SWIFT_VERSION = 5.0;
				TARGETED_DEVICE_FAMILY = "1,2";
			};
			name = Debug;
		};
		3FF1C779272227100004F58D /* Release */ = {
			isa = XCBuildConfiguration;
			buildSettings = {
				ASSETCATALOG_COMPILER_APPICON_NAME = AppIcon;
				ASSETCATALOG_COMPILER_GLOBAL_ACCENT_COLOR_NAME = AccentColor;
				CODE_SIGN_STYLE = Automatic;
				INFOPLIST_FILE = SeeGreenApp/Info.plist;
				LD_RUNPATH_SEARCH_PATHS = (
					"$(inherited)",
					"@executable_path/Frameworks",
				);
				PRODUCT_BUNDLE_IDENTIFIER = "SeeGreen-App.SeeGreenApp";
				PRODUCT_NAME = "$(TARGET_NAME)";
				SWIFT_VERSION = 5.0;
				TARGETED_DEVICE_FAMILY = "1,2";
			};
			name = Release;
		};
/* End XCBuildConfiguration section */

/* Begin XCConfigurationList section */
		3FF1C75E2722270E0004F58D /* Build configuration list for PBXProject "SeeGreenApp" */ = {
			isa = XCConfigurationList;
			buildConfigurations = (
				3FF1C775272227100004F58D /* Debug */,
				3FF1C776272227100004F58D /* Release */,
			);
			defaultConfigurationIsVisible = 0;
			defaultConfigurationName = Release;
		};
		3FF1C777272227100004F58D /* Build configuration list for PBXNativeTarget "SeeGreenApp" */ = {
			isa = XCConfigurationList;
			buildConfigurations = (
				3FF1C778272227100004F58D /* Debug */,
				3FF1C779272227100004F58D /* Release */,
			);
			defaultConfigurationIsVisible = 0;
			defaultConfigurationName = Release;
		};
/* End XCConfigurationList section */
	};
	rootObject = 3FF1C75B2722270E0004F58D /* Project object */;
}
